// !$*UTF8*$!
{
	archiveVersion = 1;
	classes = {
	};
	objectVersion = 56;
	objects = {

/* Begin PBXBuildFile section */
		BB000001000000000000001 /* DisneyWaitTimesTVApp.swift in Sources */ = {isa = PBXBuildFile; fileRef = BB000001000000000000011 /* DisneyWaitTimesTVApp.swift */; };
		BB000001000000000000002 /* ContentView.swift in Sources */ = {isa = PBXBuildFile; fileRef = BB000001000000000000012 /* ContentView.swift */; };
		BB000001000000000000003 /* Models.swift in Sources */ = {isa = PBXBuildFile; fileRef = BB000001000000000000013 /* Models.swift */; };
		BB000001000000000000004 /* WaitTimeService.swift in Sources */ = {isa = PBXBuildFile; fileRef = BB000001000000000000014 /* WaitTimeService.swift */; };
		BB000001000000000000005 /* ParkViewModel.swift in Sources */ = {isa = PBXBuildFile; fileRef = BB000001000000000000015 /* ParkViewModel.swift */; };
		BB000001000000000000006 /* ParkView.swift in Sources */ = {isa = PBXBuildFile; fileRef = BB000001000000000000016 /* ParkView.swift */; };
		BB000001000000000000007 /* RideRowView.swift in Sources */ = {isa = PBXBuildFile; fileRef = BB000001000000000000017 /* RideRowView.swift */; };
		BB000001000000000000008 /* WaitTimeBadge.swift in Sources */ = {isa = PBXBuildFile; fileRef = BB000001000000000000018 /* WaitTimeBadge.swift */; };
		BB00000100000000000000B /* MagicalBackground.swift in Sources */ = {isa = PBXBuildFile; fileRef = BB00000100000000000001B /* MagicalBackground.swift */; };
		BB000001000000000000009 /* Assets.xcassets in Resources */ = {isa = PBXBuildFile; fileRef = BB000001000000000000019 /* Assets.xcassets */; };
		BB00000100000000000000A /* Preview Assets.xcassets in Resources */ = {isa = PBXBuildFile; fileRef = BB00000100000000000001A /* Preview Assets.xcassets */; };
/* End PBXBuildFile section */

/* Begin PBXFileReference section */
		BB000001000000000000010 /* DisneyWaitTimesTV.app */ = {isa = PBXFileReference; explicitFileType = wrapper.application; includeInIndex = 0; path = DisneyWaitTimesTV.app; sourceTree = BUILT_PRODUCTS_DIR; };
		BB000001000000000000011 /* DisneyWaitTimesTVApp.swift */ = {isa = PBXFileReference; lastKnownFileType = sourcecode.swift; path = DisneyWaitTimesTVApp.swift; sourceTree = "<group>"; };
		BB000001000000000000012 /* ContentView.swift */ = {isa = PBXFileReference; lastKnownFileType = sourcecode.swift; path = ContentView.swift; sourceTree = "<group>"; };
		BB000001000000000000013 /* Models.swift */ = {isa = PBXFileReference; lastKnownFileType = sourcecode.swift; path = Models.swift; sourceTree = "<group>"; };
		BB000001000000000000014 /* WaitTimeService.swift */ = {isa = PBXFileReference; lastKnownFileType = sourcecode.swift; path = WaitTimeService.swift; sourceTree = "<group>"; };
		BB000001000000000000015 /* ParkViewModel.swift */ = {isa = PBXFileReference; lastKnownFileType = sourcecode.swift; path = ParkViewModel.swift; sourceTree = "<group>"; };
		BB000001000000000000016 /* ParkView.swift */ = {isa = PBXFileReference; lastKnownFileType = sourcecode.swift; path = ParkView.swift; sourceTree = "<group>"; };
		BB000001000000000000017 /* RideRowView.swift */ = {isa = PBXFileReference; lastKnownFileType = sourcecode.swift; path = RideRowView.swift; sourceTree = "<group>"; };
		BB000001000000000000018 /* WaitTimeBadge.swift */ = {isa = PBXFileReference; lastKnownFileType = sourcecode.swift; path = WaitTimeBadge.swift; sourceTree = "<group>"; };
		BB00000100000000000001B /* MagicalBackground.swift */ = {isa = PBXFileReference; lastKnownFileType = sourcecode.swift; path = MagicalBackground.swift; sourceTree = "<group>"; };
		BB000001000000000000019 /* Assets.xcassets */ = {isa = PBXFileReference; lastKnownFileType = folder.assetcatalog; path = Assets.xcassets; sourceTree = "<group>"; };
		BB00000100000000000001A /* Preview Assets.xcassets */ = {isa = PBXFileReference; lastKnownFileType = folder.assetcatalog; path = "Preview Assets.xcassets"; sourceTree = "<group>"; };
/* End PBXFileReference section */

/* Begin PBXFrameworksBuildPhase section */
		BB000001000000000000020 /* Frameworks */ = {
			isa = PBXFrameworksBuildPhase;
			buildActionMask = 2147483647;
			files = (
			);
			runOnlyForDeploymentPostprocessing = 0;
		};
/* End PBXFrameworksBuildPhase section */

/* Begin PBXGroup section */
		BB000001000000000000030 = {
			isa = PBXGroup;
			children = (
				BB000001000000000000031 /* DisneyWaitTimesTV */,
				BB000001000000000000032 /* Products */,
			);
			sourceTree = "<group>";
		};
		BB000001000000000000031 /* DisneyWaitTimesTV */ = {
			isa = PBXGroup;
			children = (
				BB000001000000000000011 /* DisneyWaitTimesTVApp.swift */,
				BB000001000000000000012 /* ContentView.swift */,
				BB000001000000000000013 /* Models.swift */,
				BB000001000000000000014 /* WaitTimeService.swift */,
				BB000001000000000000015 /* ParkViewModel.swift */,
				BB000001000000000000016 /* ParkView.swift */,
				BB000001000000000000017 /* RideRowView.swift */,
				BB000001000000000000018 /* WaitTimeBadge.swift */,
				BB00000100000000000001B /* MagicalBackground.swift */,
				BB000001000000000000019 /* Assets.xcassets */,
				BB000001000000000000033 /* Preview Content */,
			);
			path = DisneyWaitTimesTV;
			sourceTree = "<group>";
		};
		BB000001000000000000032 /* Products */ = {
			isa = PBXGroup;
			children = (
				BB000001000000000000010 /* DisneyWaitTimesTV.app */,
			);
			name = Products;
			sourceTree = "<group>";
		};
		BB000001000000000000033 /* Preview Content */ = {
			isa = PBXGroup;
			children = (
				BB00000100000000000001A /* Preview Assets.xcassets */,
			);
			path = "Preview Content";
			sourceTree = "<group>";
		};
/* End PBXGroup section */

/* Begin PBXNativeTarget section */
		BB000001000000000000040 /* DisneyWaitTimesTV */ = {
			isa = PBXNativeTarget;
			buildConfigurationList = BB000001000000000000060;
			buildPhases = (
				BB000001000000000000041 /* Sources */,
				BB000001000000000000020 /* Frameworks */,
				BB000001000000000000042 /* Resources */,
			);
			buildRules = (
			);
			dependencies = (
			);
			name = DisneyWaitTimesTV;
			productName = DisneyWaitTimesTV;
			productReference = BB000001000000000000010 /* DisneyWaitTimesTV.app */;
			productType = "com.apple.product-type.application";
		};
/* End PBXNativeTarget section */

/* Begin PBXProject section */
		BB000001000000000000050 /* Project object */ = {
			isa = PBXProject;
			attributes = {
				BuildIndependentTargetsInParallel = 1;
				LastSwiftUpdateCheck = 1500;
				LastUpgradeCheck = 1500;
				TargetAttributes = {
					BB000001000000000000040 = {
						CreatedOnToolsVersion = 15.0;
					};
				};
			};
			buildConfigurationList = BB000001000000000000051;
			compatibilityVersion = "Xcode 14.0";
			developmentRegion = en;
			hasScannedForEncodings = 0;
			knownRegions = (
				en,
				Base,
			);
			mainGroup = BB000001000000000000030;
			productRefGroup = BB000001000000000000032 /* Products */;
			projectDirPath = "";
			projectRoot = "";
			targets = (
				BB000001000000000000040 /* DisneyWaitTimesTV */,
			);
		};
/* End PBXProject section */

/* Begin PBXResourcesBuildPhase section */
		BB000001000000000000042 /* Resources */ = {
			isa = PBXResourcesBuildPhase;
			buildActionMask = 2147483647;
			files = (
				BB00000100000000000000A /* Preview Assets.xcassets in Resources */,
				BB000001000000000000009 /* Assets.xcassets in Resources */,
			);
			runOnlyForDeploymentPostprocessing = 0;
		};
/* End PBXResourcesBuildPhase section */

/* Begin PBXSourcesBuildPhase section */
		BB000001000000000000041 /* Sources */ = {
			isa = PBXSourcesBuildPhase;
			buildActionMask = 2147483647;
			files = (
				BB000001000000000000002 /* ContentView.swift in Sources */,
				BB000001000000000000008 /* WaitTimeBadge.swift in Sources */,
				BB00000100000000000000B /* MagicalBackground.swift in Sources */,
				BB000001000000000000007 /* RideRowView.swift in Sources */,
				BB000001000000000000006 /* ParkView.swift in Sources */,
				BB000001000000000000005 /* ParkViewModel.swift in Sources */,
				BB000001000000000000004 /* WaitTimeService.swift in Sources */,
				BB000001000000000000003 /* Models.swift in Sources */,
				BB000001000000000000001 /* DisneyWaitTimesTVApp.swift in Sources */,
			);
			runOnlyForDeploymentPostprocessing = 0;
		};
/* End PBXSourcesBuildPhase section */

/* Begin XCBuildConfiguration section */
		BB000001000000000000052 /* Debug */ = {
			isa = XCBuildConfiguration;
			buildSettings = {
				ALWAYS_SEARCH_USER_PATHS = NO;
				ASSETCATALOG_COMPILER_GENERATE_SWIFT_ASSET_SYMBOL_EXTENSIONS = YES;
				CLANG_ANALYZER_NONNULL = YES;
				CLANG_ANALYZER_NUMBER_OBJECT_CONVERSION = YES_AGGRESSIVE;
				CLANG_CXX_LANGUAGE_STANDARD = "gnu++20";
				CLANG_ENABLE_MODULES = YES;
				CLANG_ENABLE_OBJC_ARC = YES;
				CLANG_ENABLE_OBJC_WEAK = YES;
				CLANG_WARN_BLOCK_CAPTURE_AUTORELEASING = YES;
				CLANG_WARN_BOOL_CONVERSION = YES;
				CLANG_WARN_COMMA = YES;
				CLANG_WARN_CONSTANT_CONVERSION = YES;
				CLANG_WARN_DEPRECATED_OBJC_IMPLEMENTATIONS = YES;
				CLANG_WARN_DIRECT_OBJC_ISA_USAGE = YES_ERROR;
				CLANG_WARN_DOCUMENTATION_COMMENTS = YES;
				CLANG_WARN_EMPTY_BODY = YES;
				CLANG_WARN_ENUM_CONVERSION = YES;
				CLANG_WARN_INFINITE_RECURSION = YES;
				CLANG_WARN_INT_CONVERSION = YES;
				CLANG_WARN_NON_LITERAL_NULL_CONVERSION = YES;
				CLANG_WARN_OBJC_IMPLICIT_RETAIN_SELF = YES;
				CLANG_WARN_OBJC_LITERAL_CONVERSION = YES;
				CLANG_WARN_OBJC_ROOT_CLASS = YES_ERROR;
				CLANG_WARN_QUOTED_INCLUDE_IN_FRAMEWORK_HEADER = YES;
				CLANG_WARN_RANGE_LOOP_ANALYSIS = YES;
				CLANG_WARN_STRICT_PROTOTYPES = YES;
				CLANG_WARN_SUSPICIOUS_MOVE = YES;
				CLANG_WARN_UNGUARDED_AVAILABILITY = YES_AGGRESSIVE;
				CLANG_WARN_UNREACHABLE_CODE = YES;
				CLANG_WARN__DUPLICATE_METHOD_MATCH = YES;
				COPY_PHASE_STRIP = NO;
				DEBUG_INFORMATION_FORMAT = dwarf;
				ENABLE_STRICT_OBJC_MSGSEND = YES;
				ENABLE_TESTABILITY = YES;
				ENABLE_USER_SCRIPT_SANDBOXING = YES;
				GCC_C_LANGUAGE_STANDARD = gnu17;
				GCC_DYNAMIC_NO_PIC = NO;
				GCC_NO_COMMON_BLOCKS = YES;
				GCC_OPTIMIZATION_LEVEL = 0;
				GCC_PREPROCESSOR_DEFINITIONS = (
					"DEBUG=1",
					"$(inherited)",
				);
				GCC_WARN_64_TO_32_BIT_CONVERSION = YES;
				GCC_WARN_ABOUT_RETURN_TYPE = YES_ERROR;
				GCC_WARN_UNDECLARED_SELECTOR = YES;
				GCC_WARN_UNINITIALIZED_AUTOS = YES_AGGRESSIVE;
				GCC_WARN_UNUSED_FUNCTION = YES;
				GCC_WARN_UNUSED_VARIABLE = YES;
				MTL_ENABLE_DEBUG_INFO = INCLUDE_SOURCE;
				MTL_FAST_MATH = YES;
				ONLY_ACTIVE_ARCH = YES;
				SDKROOT = appletvos;
				SWIFT_ACTIVE_COMPILATION_CONDITIONS = DEBUG;
				SWIFT_OPTIMIZATION_LEVEL = "-Onone";
				TVOS_DEPLOYMENT_TARGET = 17.0;
			};
			name = Debug;
		};
		BB000001000000000000053 /* Release */ = {
			isa = XCBuildConfiguration;
			buildSettings = {
				ALWAYS_SEARCH_USER_PATHS = NO;
				ASSETCATALOG_COMPILER_GENERATE_SWIFT_ASSET_SYMBOL_EXTENSIONS = YES;
				CLANG_ANALYZER_NONNULL = YES;
				CLANG_ANALYZER_NUMBER_OBJECT_CONVERSION = YES_AGGRESSIVE;
				CLANG_CXX_LANGUAGE_STANDARD = "gnu++20";
				CLANG_ENABLE_MODULES = YES;
				CLANG_ENABLE_OBJC_ARC = YES;
				CLANG_ENABLE_OBJC_WEAK = YES;
				CLANG_WARN_BLOCK_CAPTURE_AUTORELEASING = YES;
				CLANG_WARN_BOOL_CONVERSION = YES;
				CLANG_WARN_COMMA = YES;
				CLANG_WARN_CONSTANT_CONVERSION = YES;
				CLANG_WARN_DEPRECATED_OBJC_IMPLEMENTATIONS = YES;
				CLANG_WARN_DIRECT_OBJC_ISA_USAGE = YES_ERROR;
				CLANG_WARN_DOCUMENTATION_COMMENTS = YES;
				CLANG_WARN_EMPTY_BODY = YES;
				CLANG_WARN_ENUM_CONVERSION = YES;
				CLANG_WARN_INFINITE_RECURSION = YES;
				CLANG_WARN_INT_CONVERSION = YES;
				CLANG_WARN_NON_LITERAL_NULL_CONVERSION = YES;
				CLANG_WARN_OBJC_IMPLICIT_RETAIN_SELF = YES;
				CLANG_WARN_OBJC_LITERAL_CONVERSION = YES;
				CLANG_WARN_OBJC_ROOT_CLASS = YES_ERROR;
				CLANG_WARN_QUOTED_INCLUDE_IN_FRAMEWORK_HEADER = YES;
				CLANG_WARN_RANGE_LOOP_ANALYSIS = YES;
				CLANG_WARN_STRICT_PROTOTYPES = YES;
				CLANG_WARN_SUSPICIOUS_MOVE = YES;
				CLANG_WARN_UNGUARDED_AVAILABILITY = YES_AGGRESSIVE;
				CLANG_WARN_UNREACHABLE_CODE = YES;
				CLANG_WARN__DUPLICATE_METHOD_MATCH = YES;
				COPY_PHASE_STRIP = NO;
				DEBUG_INFORMATION_FORMAT = "dwarf-with-dsym";
				ENABLE_NS_ASSERTIONS = NO;
				ENABLE_STRICT_OBJC_MSGSEND = YES;
				ENABLE_USER_SCRIPT_SANDBOXING = YES;
				GCC_C_LANGUAGE_STANDARD = gnu17;
				GCC_NO_COMMON_BLOCKS = YES;
				GCC_WARN_64_TO_32_BIT_CONVERSION = YES;
				GCC_WARN_ABOUT_RETURN_TYPE = YES_ERROR;
				GCC_WARN_UNDECLARED_SELECTOR = YES;
				GCC_WARN_UNINITIALIZED_AUTOS = YES_AGGRESSIVE;
				GCC_WARN_UNUSED_FUNCTION = YES;
				GCC_WARN_UNUSED_VARIABLE = YES;
				MTL_FAST_MATH = YES;
				SDKROOT = appletvos;
				SWIFT_COMPILATION_MODE = wholemodule;
				TVOS_DEPLOYMENT_TARGET = 17.0;
				VALIDATE_PRODUCT = YES;
			};
			name = Release;
		};
		BB000001000000000000061 /* Debug */ = {
			isa = XCBuildConfiguration;
			buildSettings = {
				ASSETCATALOG_COMPILER_APPICON_NAME = "App Icon & Top Shelf Image";
				ASSETCATALOG_COMPILER_GLOBAL_ACCENT_COLOR_NAME = AccentColor;
				CODE_SIGN_STYLE = Automatic;
				CURRENT_PROJECT_VERSION = 1;
				DEVELOPMENT_ASSET_PATHS = "\"DisneyWaitTimesTV/Preview Content\"";
				ENABLE_PREVIEWS = YES;
				GENERATE_INFOPLIST_FILE = YES;
				LD_RUNPATH_SEARCH_PATHS = (
					"$(inherited)",
					"@executable_path/Frameworks",
				);
				MARKETING_VERSION = 1.0;
				PRODUCT_BUNDLE_IDENTIFIER = com.disney.waitimes.tv;
				PRODUCT_NAME = "$(TARGET_NAME)";
				SWIFT_EMIT_LOC_STRINGS = YES;
				SWIFT_VERSION = 5.0;
				TARGETED_DEVICE_FAMILY = 3;
				TVOS_DEPLOYMENT_TARGET = 17.0;
			};
			name = Debug;
		};
		BB000001000000000000062 /* Release */ = {
			isa = XCBuildConfiguration;
			buildSettings = {
				ASSETCATALOG_COMPILER_APPICON_NAME = "App Icon & Top Shelf Image";
				ASSETCATALOG_COMPILER_GLOBAL_ACCENT_COLOR_NAME = AccentColor;
				CODE_SIGN_STYLE = Automatic;
				CURRENT_PROJECT_VERSION = 1;
				DEVELOPMENT_ASSET_PATHS = "\"DisneyWaitTimesTV/Preview Content\"";
				ENABLE_PREVIEWS = YES;
				GENERATE_INFOPLIST_FILE = YES;
				LD_RUNPATH_SEARCH_PATHS = (
					"$(inherited)",
					"@executable_path/Frameworks",
				);
				MARKETING_VERSION = 1.0;
				PRODUCT_BUNDLE_IDENTIFIER = com.disney.waitimes.tv;
				PRODUCT_NAME = "$(TARGET_NAME)";
				SWIFT_EMIT_LOC_STRINGS = YES;
				SWIFT_VERSION = 5.0;
				TARGETED_DEVICE_FAMILY = 3;
				TVOS_DEPLOYMENT_TARGET = 17.0;
			};
			name = Release;
		};
/* End XCBuildConfiguration section */

/* Begin XCConfigurationList section */
		BB000001000000000000051 /* Build configuration list for PBXProject "DisneyWaitTimesTV" */ = {
			isa = XCConfigurationList;
			buildConfigurations = (
				BB000001000000000000052 /* Debug */,
				BB000001000000000000053 /* Release */,
			);
			defaultConfigurationIsVisible = 0;
			defaultConfigurationName = Release;
		};
		BB000001000000000000060 /* Build configuration list for PBXNativeTarget "DisneyWaitTimesTV" */ = {
			isa = XCConfigurationList;
			buildConfigurations = (
				BB000001000000000000061 /* Debug */,
				BB000001000000000000062 /* Release */,
			);
			defaultConfigurationIsVisible = 0;
			defaultConfigurationName = Release;
		};
/* End XCConfigurationList section */
	};
	rootObject = BB000001000000000000050 /* Project object */;
}
